
Microsoft Visual Studio Solution File, Format Version 12.00
# Visual Studio Version 16
VisualStudioVersion = 16.0.29509.3
MinimumVisualStudioVersion = 10.0.40219.1
Project("{FAE04EC0-301F-11D3-BF4B-00C04F79EFBC}") = "UserStore.WEB", "UserStore.WEB\UserStore.WEB.csproj", "{9C33F330-96BB-42DC-9CB9-BBAC03883274}"
EndProject
Project("{FAE04EC0-301F-11D3-BF4B-00C04F79EFBC}") = "UserStore.DAL", "UserStore.DAL\UserStore.DAL.csproj", "{768BB48D-C9AF-4216-B8DD-08A8FB786AAA}"
EndProject
Global
	GlobalSection(SolutionConfigurationPlatforms) = preSolution
		Debug|Any CPU = Debug|Any CPU
		Release|Any CPU = Release|Any CPU
	EndGlobalSection
	GlobalSection(ProjectConfigurationPlatforms) = postSolution
		{9C33F330-96BB-42DC-9CB9-BBAC03883274}.Debug|Any CPU.ActiveCfg = Debug|Any CPU
		{9C33F330-96BB-42DC-9CB9-BBAC03883274}.Debug|Any CPU.Build.0 = Debug|Any CPU
		{9C33F330-96BB-42DC-9CB9-BBAC03883274}.Release|Any CPU.ActiveCfg = Release|Any CPU
		{9C33F330-96BB-42DC-9CB9-BBAC03883274}.Release|Any CPU.Build.0 = Release|Any CPU
		{768BB48D-C9AF-4216-B8DD-08A8FB786AAA}.Debug|Any CPU.ActiveCfg = Debug|Any CPU
		{768BB48D-C9AF-4216-B8DD-08A8FB786AAA}.Debug|Any CPU.Build.0 = Debug|Any CPU
		{768BB48D-C9AF-4216-B8DD-08A8FB786AAA}.Release|Any CPU.ActiveCfg = Release|Any CPU
		{768BB48D-C9AF-4216-B8DD-08A8FB786AAA}.Release|Any CPU.Build.0 = Release|Any CPU
	EndGlobalSection
	GlobalSection(SolutionProperties) = preSolution
		HideSolutionNode = FALSE
	EndGlobalSection
	GlobalSection(ExtensibilityGlobals) = postSolution
		SolutionGuid = {C9D61946-8363-453B-992C-EAC2D1D9300A}
	EndGlobalSection
EndGlobal
